{
  "name": "gh-copilot-cli",
  "lockfileVersion": 3,
  "requires": true,
  "packages": {
    "": {
      "dependencies": {
        "@github/copilot": "^0.0.358"
      }
    },
    "node_modules/@github/copilot": {
      "version": "0.0.358",
      "resolved": "https://registry.npmjs.org/@github/copilot/-/copilot-0.0.358.tgz",
      "integrity": "sha512-Bo3B6wWL+jhwdLmQ4V1O9QzifQP+fEJCMxTjcan4MWHkzCc8qqf70krvIfrjFmbz624FYY6gHaLka8frXQNV5w==",
      "license": "SEE LICENSE IN LICENSE.md",
      "bin": {
        "copilot": "index.js"
      },
      "engines": {
        "node": ">=22"
      }
    }
  }
}
